
Microsoft Visual Studio Solution File, Format Version 12.00
# Visual Studio Version 17
VisualStudioVersion = 17.1.32210.238
MinimumVisualStudioVersion = 10.0.40219.1
Project("{FAE04EC0-301F-11D3-BF4B-00C04F79EFBC}") = "altVStarter", "altVStarter\altVStarter.csproj", "{F904ECF6-06B6-4926-9AC5-E4B251145B4F}"
EndProject
Global
	GlobalSection(SolutionConfigurationPlatforms) = preSolution
		Debug|Any CPU = Debug|Any CPU
		Release|Any CPU = Release|Any CPU
	EndGlobalSection
	GlobalSection(ProjectConfigurationPlatforms) = postSolution
		{F904ECF6-06B6-4926-9AC5-E4B251145B4F}.Release|Any CPU.ActiveCfg = Release|Any CPU
		{F904ECF6-06B6-4926-9AC5-E4B251145B4F}.Release|Any CPU.Build.0 = Release|Any CPU
		{F904ECF6-06B6-4926-9AC5-E4B251145B4F}.Debug|Any CPU.ActiveCfg = Debug|Any CPU
		{F904ECF6-06B6-4926-9AC5-E4B251145B4F}.Debug|Any CPU.Build.0 = Debug|Any CPU
		{F904ECF6-06B6-4926-9AC5-E4B251145B4F}.Release|Any CPU.Deploy.0 = Release|Any CPU
	EndGlobalSection
	GlobalSection(SolutionProperties) = preSolution
		HideSolutionNode = FALSE
	EndGlobalSection
	GlobalSection(ExtensibilityGlobals) = postSolution
		SolutionGuid = {4510716A-B7F1-4625-941A-29A8087F0571}
	EndGlobalSection
EndGlobal
